github.com/biessek/golang-ico v0.0.0-20180326222316-d348d9ea4670 h1:FQPKKjDhzG0T4ew6dm6MGrXb4PRAi8ZmTuYuxcF62BM=
github.com/biessek/golang-ico v0.0.0-20180326222316-d348d9ea4670/go.mod h1:iRWAFbKXMMkVQyxZ1PfGlkBr1TjATx1zy2MRprV7A3Q=
github.com/dblohm7/wingoes v0.0.0-20230426155039-111c8c3b57c8 h1:vtIE3GO4hKplR58aTRx3yLPqAbfWyoyYrE8PXUv0Prw=
github.com/dblohm7/wingoes v0.0.0-20230426155039-111c8c3b57c8/go.mod h1:6NCrWM5jRefaG7iN0iMShPalLsljHWBh9v1zxM2f8Xs=
github.com/jsummers/gobmp v0.0.0-20230614200233-a9de23ed2e25 h1:YLvr1eE6cdCqjOe972w/cYF+FjW34v27+9Vo5106B4M=
github.com/jsummers/gobmp v0.0.0-20230614200233-a9de23ed2e25/go.mod h1:kLgvv7o6UM+0QSf0QjAse3wReFDsb9qbZJdfexWlrQw=
github.com/malashin/dds v0.0.0-20190511100755-ab62708f5fe5 h1:x3VlguQTqTNwxZnEKvvXG7Eg+dTHkeUoDgtVTVNZYNw=
github.com/malashin/dds v0.0.0-20190511100755-ab62708f5fe5/go.mod h1:i6qKfS0pgqGQldC1cODcAEys1ffmvRttrdGEWBjxnyo=
github.com/sergeymakinen/go-bmp v1.0.0-beta.1 h1:6f85uJkYkOrDE6nVI+G1CmS7qa89KfeDyXe4YDIRWfE=
github.com/sergeymakinen/go-bmp v1.0.0-beta.1/go.mod h1:/mxlAQZRLxSvJFNIEGGLBE/m40f3ZnUifpgVDlcUIEY=
github.com/xackery/colors v1.0.1 h1:RR2dQ32ArZPxONWEWd8o9okyuXRbli7S/jkqDVn0K8M=
github.com/xackery/colors v1.0.1/go.mod h1:uCBeFbEpvD33k6H/+iGuw2vUNpm66amp+EWDg13b5oM=
github.com/xackery/encdec v0.0.8 h1:JHIC2FvdBNR1cm5B3uicA/dWj3yM8nmbxFzJ8aavnxo=
github.com/xackery/encdec v0.0.8/go.mod h1:68JSQwh9hUG4pgAzNTjkt6yx/u4FMVkTWp9dhtqDojk=
github.com/xackery/quail v0.0.0-20240301142621-4cbc0eb56e7d h1:eFVAVNNmc9QEi5g4Ukd1kIytEkrpViUbFA2hkKh1Cvc=
github.com/xackery/quail v0.0.0-20240301142621-4cbc0eb56e7d/go.mod h1:Xa7nmN0oFKhiMJsH7wWiF7H0usCtAabsrr/aNCyZR3Q=
github.com/xackery/wlk v0.0.14 h1:8gp3VbIyiYda/vbZQh5wR9LXREgjt793C6X06XxqAzE=
github.com/xackery/wlk v0.0.14/go.mod h1:58n9OF5s7ofqarkCvRtdSJlGGDbCq+5V1Z1pUIWUx04=
golang.org/x/exp v0.0.0-20230425010034-47ecfdc1ba53 h1:5llv2sWeaMSnA3w2kS57ouQQ4pudlXrR0dCgw51QK9o=
golang.org/x/exp v0.0.0-20230425010034-47ecfdc1ba53/go.mod h1:V1LtkGg67GoY2N1AnLN78QLrzxkLyJw7RJb1gzOOz9w=
golang.org/x/image v0.13.0 h1:3cge/F/QTkNLauhf2QoE9zp+7sr+ZcL4HnoZmdwg9sg=
golang.org/x/image v0.13.0/go.mod h1:6mmbMOeV28HuMTgA6OSRkdXKYw/t5W9Uwn2Yv1r3Yxk=
golang.org/x/sys v0.12.0 h1:CM0HF96J0hcLAwsHPJZjfdNzs0gftsLfgKt57wWHJ0o=
golang.org/x/sys v0.12.0/go.mod h1:oPkhp1MJrh7nUepCBck5+mAzfO9JrbApNNgaTdGDITg=
gopkg.in/Knetic/govaluate.v3 v3.0.0 h1:18mUyIt4ZlRlFZAAfVetz4/rzlJs9yhN+U02F4u1AOc=
gopkg.in/Knetic/govaluate.v3 v3.0.0/go.mod h1:csKLBORsPbafmSCGTEh3U7Ozmsuq8ZSIlKk1bcqph0E=
gopkg.in/yaml.v3 v3.0.1 h1:fxVm/GzAzEWqLHuvctI91KS9hhNmmWOoWu0XTYJS7CA=
gopkg.in/yaml.v3 v3.0.1/go.mod h1:K4uyk7z7BCEPqu6E+C64Yfv1cQ7kz7rIZviUmN+EgEM=
